
Microsoft Visual Studio Solution File, Format Version 12.00
# Visual Studio 15
VisualStudioVersion = 15.0.28307.136
MinimumVisualStudioVersion = 10.0.40219.1
Project("{FAE04EC0-301F-11D3-BF4B-00C04F79EFBC}") = "RedLiner_Project", "RedLiner_Project\RedLiner_Project.csproj", "{F5AAA05E-015E-41FD-B129-2D73372EFE94}"
EndProject
Global
	GlobalSection(SolutionConfigurationPlatforms) = preSolution
		Debug|Any CPU = Debug|Any CPU
		Release|Any CPU = Release|Any CPU
	EndGlobalSection
	GlobalSection(ProjectConfigurationPlatforms) = postSolution
		{F5AAA05E-015E-41FD-B129-2D73372EFE94}.Debug|Any CPU.ActiveCfg = Debug|Any CPU
		{F5AAA05E-015E-41FD-B129-2D73372EFE94}.Debug|Any CPU.Build.0 = Debug|Any CPU
		{F5AAA05E-015E-41FD-B129-2D73372EFE94}.Release|Any CPU.ActiveCfg = Release|Any CPU
		{F5AAA05E-015E-41FD-B129-2D73372EFE94}.Release|Any CPU.Build.0 = Release|Any CPU
	EndGlobalSection
	GlobalSection(SolutionProperties) = preSolution
		HideSolutionNode = FALSE
	EndGlobalSection
	GlobalSection(ExtensibilityGlobals) = postSolution
		SolutionGuid = {859C04D8-F3CB-4B70-A844-985204741F32}
	EndGlobalSection
EndGlobal
